// !$*UTF8*$!
{
	archiveVersion = 1;
	classes = {
	};
	objectVersion = 50;
	objects = {

/* Begin PBXBuildFile section */
		CF07863324ABB8F400FC7D1A /* GroupViewController.swift in Sources */ = {isa = PBXBuildFile; fileRef = CF07863224ABB8F400FC7D1A /* GroupViewController.swift */; };
		CF07863524ABB96D00FC7D1A /* GroupVCModel.swift in Sources */ = {isa = PBXBuildFile; fileRef = CF07863424ABB96D00FC7D1A /* GroupVCModel.swift */; };
		CF07863824ABBEAD00FC7D1A /* EyeTabBarItem.swift in Sources */ = {isa = PBXBuildFile; fileRef = CF07863724ABBEAD00FC7D1A /* EyeTabBarItem.swift */; };
		CF07863A24ABCB1800FC7D1A /* EyeTabBar.swift in Sources */ = {isa = PBXBuildFile; fileRef = CF07863924ABCB1800FC7D1A /* EyeTabBar.swift */; };
		CF07863C24ABCD9200FC7D1A /* EyeTabBarController.swift in Sources */ = {isa = PBXBuildFile; fileRef = CF07863B24ABCD9200FC7D1A /* EyeTabBarController.swift */; };
		CF465A5B24ADE847009E82CB /* AddMemberView.swift in Sources */ = {isa = PBXBuildFile; fileRef = CF465A5A24ADE847009E82CB /* AddMemberView.swift */; };
		CF465A5D24ADEC1F009E82CB /* NameTextField.swift in Sources */ = {isa = PBXBuildFile; fileRef = CF465A5C24ADEC1F009E82CB /* NameTextField.swift */; };
		CF465A5F24ADECF1009E82CB /* NewMemberView.swift in Sources */ = {isa = PBXBuildFile; fileRef = CF465A5E24ADECF1009E82CB /* NewMemberView.swift */; };
		CF465A6124ADFF66009E82CB /* CustomButton.swift in Sources */ = {isa = PBXBuildFile; fileRef = CF465A6024ADFF66009E82CB /* CustomButton.swift */; };
		CF80BC5B24ACFF7300BACABD /* GroupVCView.swift in Sources */ = {isa = PBXBuildFile; fileRef = CF80BC5A24ACFF7300BACABD /* GroupVCView.swift */; };
		CF80BC5D24AD18D500BACABD /* GroupMemberCell.swift in Sources */ = {isa = PBXBuildFile; fileRef = CF80BC5C24AD18D500BACABD /* GroupMemberCell.swift */; };
		CFF37D3924AA884100D89C80 /* AppDelegate.swift in Sources */ = {isa = PBXBuildFile; fileRef = CFF37D3824AA884100D89C80 /* AppDelegate.swift */; };
		CFF37D4224AA884100D89C80 /* Assets.xcassets in Resources */ = {isa = PBXBuildFile; fileRef = CFF37D4124AA884100D89C80 /* Assets.xcassets */; };
		CFF37D4524AA884100D89C80 /* LaunchScreen.storyboard in Resources */ = {isa = PBXBuildFile; fileRef = CFF37D4324AA884100D89C80 /* LaunchScreen.storyboard */; };
		CFF37D5024AA8A7900D89C80 /* CoreAssembly.swift in Sources */ = {isa = PBXBuildFile; fileRef = CFF37D4F24AA8A7900D89C80 /* CoreAssembly.swift */; };
		CFF37D5524AA8AB300D89C80 /* ServicesAssembly.swift in Sources */ = {isa = PBXBuildFile; fileRef = CFF37D5424AA8AB300D89C80 /* ServicesAssembly.swift */; };
		CFF37D5A24AA8AFC00D89C80 /* PresentationAssembly.swift in Sources */ = {isa = PBXBuildFile; fileRef = CFF37D5924AA8AFC00D89C80 /* PresentationAssembly.swift */; };
		CFF37D5C24AA8B2700D89C80 /* RootAssembly.swift in Sources */ = {isa = PBXBuildFile; fileRef = CFF37D5B24AA8B2700D89C80 /* RootAssembly.swift */; };
/* End PBXBuildFile section */

/* Begin PBXFileReference section */
		CF07863224ABB8F400FC7D1A /* GroupViewController.swift */ = {isa = PBXFileReference; lastKnownFileType = sourcecode.swift; path = GroupViewController.swift; sourceTree = "<group>"; };
		CF07863424ABB96D00FC7D1A /* GroupVCModel.swift */ = {isa = PBXFileReference; lastKnownFileType = sourcecode.swift; path = GroupVCModel.swift; sourceTree = "<group>"; };
		CF07863724ABBEAD00FC7D1A /* EyeTabBarItem.swift */ = {isa = PBXFileReference; lastKnownFileType = sourcecode.swift; path = EyeTabBarItem.swift; sourceTree = "<group>"; };
		CF07863924ABCB1800FC7D1A /* EyeTabBar.swift */ = {isa = PBXFileReference; lastKnownFileType = sourcecode.swift; path = EyeTabBar.swift; sourceTree = "<group>"; };
		CF07863B24ABCD9200FC7D1A /* EyeTabBarController.swift */ = {isa = PBXFileReference; lastKnownFileType = sourcecode.swift; path = EyeTabBarController.swift; sourceTree = "<group>"; };
		CF465A5A24ADE847009E82CB /* AddMemberView.swift */ = {isa = PBXFileReference; lastKnownFileType = sourcecode.swift; path = AddMemberView.swift; sourceTree = "<group>"; };
		CF465A5C24ADEC1F009E82CB /* NameTextField.swift */ = {isa = PBXFileReference; lastKnownFileType = sourcecode.swift; path = NameTextField.swift; sourceTree = "<group>"; };
		CF465A5E24ADECF1009E82CB /* NewMemberView.swift */ = {isa = PBXFileReference; lastKnownFileType = sourcecode.swift; path = NewMemberView.swift; sourceTree = "<group>"; };
		CF465A6024ADFF66009E82CB /* CustomButton.swift */ = {isa = PBXFileReference; lastKnownFileType = sourcecode.swift; path = CustomButton.swift; sourceTree = "<group>"; };
		CF80BC5A24ACFF7300BACABD /* GroupVCView.swift */ = {isa = PBXFileReference; lastKnownFileType = sourcecode.swift; path = GroupVCView.swift; sourceTree = "<group>"; };
		CF80BC5C24AD18D500BACABD /* GroupMemberCell.swift */ = {isa = PBXFileReference; lastKnownFileType = sourcecode.swift; path = GroupMemberCell.swift; sourceTree = "<group>"; };
		CFF37D3524AA884100D89C80 /* Big eye.app */ = {isa = PBXFileReference; explicitFileType = wrapper.application; includeInIndex = 0; path = "Big eye.app"; sourceTree = BUILT_PRODUCTS_DIR; };
		CFF37D3824AA884100D89C80 /* AppDelegate.swift */ = {isa = PBXFileReference; lastKnownFileType = sourcecode.swift; path = AppDelegate.swift; sourceTree = "<group>"; };
		CFF37D4124AA884100D89C80 /* Assets.xcassets */ = {isa = PBXFileReference; lastKnownFileType = folder.assetcatalog; path = Assets.xcassets; sourceTree = "<group>"; };
		CFF37D4424AA884100D89C80 /* Base */ = {isa = PBXFileReference; lastKnownFileType = file.storyboard; name = Base; path = Base.lproj/LaunchScreen.storyboard; sourceTree = "<group>"; };
		CFF37D4624AA884100D89C80 /* Info.plist */ = {isa = PBXFileReference; lastKnownFileType = text.plist.xml; path = Info.plist; sourceTree = "<group>"; };
		CFF37D4F24AA8A7900D89C80 /* CoreAssembly.swift */ = {isa = PBXFileReference; lastKnownFileType = sourcecode.swift; path = CoreAssembly.swift; sourceTree = "<group>"; };
		CFF37D5424AA8AB300D89C80 /* ServicesAssembly.swift */ = {isa = PBXFileReference; lastKnownFileType = sourcecode.swift; path = ServicesAssembly.swift; sourceTree = "<group>"; };
		CFF37D5924AA8AFC00D89C80 /* PresentationAssembly.swift */ = {isa = PBXFileReference; lastKnownFileType = sourcecode.swift; path = PresentationAssembly.swift; sourceTree = "<group>"; };
		CFF37D5B24AA8B2700D89C80 /* RootAssembly.swift */ = {isa = PBXFileReference; lastKnownFileType = sourcecode.swift; path = RootAssembly.swift; sourceTree = "<group>"; };
/* End PBXFileReference section */

/* Begin PBXFrameworksBuildPhase section */
		CFF37D3224AA884100D89C80 /* Frameworks */ = {
			isa = PBXFrameworksBuildPhase;
			buildActionMask = 2147483647;
			files = (
			);
			runOnlyForDeploymentPostprocessing = 0;
		};
/* End PBXFrameworksBuildPhase section */

/* Begin PBXGroup section */
		CF07863124ABB78000FC7D1A /* GroupViewController */ = {
			isa = PBXGroup;
			children = (
				CF07863224ABB8F400FC7D1A /* GroupViewController.swift */,
				CF07863424ABB96D00FC7D1A /* GroupVCModel.swift */,
				CF80BC5C24AD18D500BACABD /* GroupMemberCell.swift */,
				CF80BC5924ACFF4800BACABD /* View */,
			);
			path = GroupViewController;
			sourceTree = "<group>";
		};
		CF07863624ABBE8D00FC7D1A /* EyeTabBarController */ = {
			isa = PBXGroup;
			children = (
				CF07863B24ABCD9200FC7D1A /* EyeTabBarController.swift */,
				CF07863924ABCB1800FC7D1A /* EyeTabBar.swift */,
				CF07863724ABBEAD00FC7D1A /* EyeTabBarItem.swift */,
			);
			path = EyeTabBarController;
			sourceTree = "<group>";
		};
		CF465A6224AE16E1009E82CB /* AddMemberView */ = {
			isa = PBXGroup;
			children = (
				CF465A5A24ADE847009E82CB /* AddMemberView.swift */,
				CF465A5E24ADECF1009E82CB /* NewMemberView.swift */,
				CF465A5C24ADEC1F009E82CB /* NameTextField.swift */,
				CF465A6024ADFF66009E82CB /* CustomButton.swift */,
			);
			path = AddMemberView;
			sourceTree = "<group>";
		};
		CF80BC5924ACFF4800BACABD /* View */ = {
			isa = PBXGroup;
			children = (
				CF80BC5A24ACFF7300BACABD /* GroupVCView.swift */,
				CF465A6224AE16E1009E82CB /* AddMemberView */,
			);
			path = View;
			sourceTree = "<group>";
		};
		CFF37D2C24AA884000D89C80 = {
			isa = PBXGroup;
			children = (
				CFF37D3724AA884100D89C80 /* Big eye */,
				CFF37D3624AA884100D89C80 /* Products */,
			);
			sourceTree = "<group>";
		};
		CFF37D3624AA884100D89C80 /* Products */ = {
			isa = PBXGroup;
			children = (
				CFF37D3524AA884100D89C80 /* Big eye.app */,
			);
			name = Products;
			sourceTree = "<group>";
		};
		CFF37D3724AA884100D89C80 /* Big eye */ = {
			isa = PBXGroup;
			children = (
				CFF37D5624AA8AC600D89C80 /* PresentationLayer */,
				CFF37D5124AA8A8800D89C80 /* ServiceLayer */,
				CFF37D4D24AA8A5000D89C80 /* CoreLayer */,
				CFF37D3824AA884100D89C80 /* AppDelegate.swift */,
				CFF37D5B24AA8B2700D89C80 /* RootAssembly.swift */,
				CFF37D4C24AA88A600D89C80 /* Resources */,
			);
			path = "Big eye";
			sourceTree = "<group>";
		};
		CFF37D4C24AA88A600D89C80 /* Resources */ = {
			isa = PBXGroup;
			children = (
				CFF37D4124AA884100D89C80 /* Assets.xcassets */,
				CFF37D4324AA884100D89C80 /* LaunchScreen.storyboard */,
				CFF37D4624AA884100D89C80 /* Info.plist */,
			);
			path = Resources;
			sourceTree = "<group>";
		};
		CFF37D4D24AA8A5000D89C80 /* CoreLayer */ = {
			isa = PBXGroup;
			children = (
				CFF37D4E24AA8A5900D89C80 /* Assembly */,
			);
			path = CoreLayer;
			sourceTree = "<group>";
		};
		CFF37D4E24AA8A5900D89C80 /* Assembly */ = {
			isa = PBXGroup;
			children = (
				CFF37D4F24AA8A7900D89C80 /* CoreAssembly.swift */,
			);
			path = Assembly;
			sourceTree = "<group>";
		};
		CFF37D5124AA8A8800D89C80 /* ServiceLayer */ = {
			isa = PBXGroup;
			children = (
				CFF37D5324AA8A9C00D89C80 /* Assembly */,
				CFF37D5224AA8A9300D89C80 /* Services */,
			);
			path = ServiceLayer;
			sourceTree = "<group>";
		};
		CFF37D5224AA8A9300D89C80 /* Services */ = {
			isa = PBXGroup;
			children = (
			);
			path = Services;
			sourceTree = "<group>";
		};
		CFF37D5324AA8A9C00D89C80 /* Assembly */ = {
			isa = PBXGroup;
			children = (
				CFF37D5424AA8AB300D89C80 /* ServicesAssembly.swift */,
			);
			path = Assembly;
			sourceTree = "<group>";
		};
		CFF37D5624AA8AC600D89C80 /* PresentationLayer */ = {
			isa = PBXGroup;
			children = (
				CFF37D5824AA8AE600D89C80 /* Assembly */,
				CFF37D5724AA8AD400D89C80 /* Modules */,
			);
			path = PresentationLayer;
			sourceTree = "<group>";
		};
		CFF37D5724AA8AD400D89C80 /* Modules */ = {
			isa = PBXGroup;
			children = (
				CF07863624ABBE8D00FC7D1A /* EyeTabBarController */,
				CF07863124ABB78000FC7D1A /* GroupViewController */,
			);
			path = Modules;
			sourceTree = "<group>";
		};
		CFF37D5824AA8AE600D89C80 /* Assembly */ = {
			isa = PBXGroup;
			children = (
				CFF37D5924AA8AFC00D89C80 /* PresentationAssembly.swift */,
			);
			path = Assembly;
			sourceTree = "<group>";
		};
/* End PBXGroup section */

/* Begin PBXNativeTarget section */
		CFF37D3424AA884100D89C80 /* Big eye */ = {
			isa = PBXNativeTarget;
			buildConfigurationList = CFF37D4924AA884100D89C80 /* Build configuration list for PBXNativeTarget "Big eye" */;
			buildPhases = (
				CFF37D3124AA884100D89C80 /* Sources */,
				CFF37D3224AA884100D89C80 /* Frameworks */,
				CFF37D3324AA884100D89C80 /* Resources */,
			);
			buildRules = (
			);
			dependencies = (
			);
			name = "Big eye";
			productName = "Big eye";
			productReference = CFF37D3524AA884100D89C80 /* Big eye.app */;
			productType = "com.apple.product-type.application";
		};
/* End PBXNativeTarget section */

/* Begin PBXProject section */
		CFF37D2D24AA884000D89C80 /* Project object */ = {
			isa = PBXProject;
			attributes = {
				LastSwiftUpdateCheck = 1150;
				LastUpgradeCheck = 1150;
				ORGANIZATIONNAME = Oleginc;
				TargetAttributes = {
					CFF37D3424AA884100D89C80 = {
						CreatedOnToolsVersion = 11.5;
					};
				};
			};
			buildConfigurationList = CFF37D3024AA884100D89C80 /* Build configuration list for PBXProject "Big eye" */;
			compatibilityVersion = "Xcode 9.3";
			developmentRegion = en;
			hasScannedForEncodings = 0;
			knownRegions = (
				en,
				Base,
			);
			mainGroup = CFF37D2C24AA884000D89C80;
			productRefGroup = CFF37D3624AA884100D89C80 /* Products */;
			projectDirPath = "";
			projectRoot = "";
			targets = (
				CFF37D3424AA884100D89C80 /* Big eye */,
			);
		};
/* End PBXProject section */

/* Begin PBXResourcesBuildPhase section */
		CFF37D3324AA884100D89C80 /* Resources */ = {
			isa = PBXResourcesBuildPhase;
			buildActionMask = 2147483647;
			files = (
				CFF37D4524AA884100D89C80 /* LaunchScreen.storyboard in Resources */,
				CFF37D4224AA884100D89C80 /* Assets.xcassets in Resources */,
			);
			runOnlyForDeploymentPostprocessing = 0;
		};
/* End PBXResourcesBuildPhase section */

/* Begin PBXSourcesBuildPhase section */
		CFF37D3124AA884100D89C80 /* Sources */ = {
			isa = PBXSourcesBuildPhase;
			buildActionMask = 2147483647;
			files = (
				CF80BC5B24ACFF7300BACABD /* GroupVCView.swift in Sources */,
				CF07863524ABB96D00FC7D1A /* GroupVCModel.swift in Sources */,
				CF07863C24ABCD9200FC7D1A /* EyeTabBarController.swift in Sources */,
				CF07863324ABB8F400FC7D1A /* GroupViewController.swift in Sources */,
				CF465A6124ADFF66009E82CB /* CustomButton.swift in Sources */,
				CF465A5B24ADE847009E82CB /* AddMemberView.swift in Sources */,
				CFF37D5024AA8A7900D89C80 /* CoreAssembly.swift in Sources */,
				CFF37D5C24AA8B2700D89C80 /* RootAssembly.swift in Sources */,
				CFF37D5524AA8AB300D89C80 /* ServicesAssembly.swift in Sources */,
				CFF37D5A24AA8AFC00D89C80 /* PresentationAssembly.swift in Sources */,
				CF07863A24ABCB1800FC7D1A /* EyeTabBar.swift in Sources */,
				CF465A5D24ADEC1F009E82CB /* NameTextField.swift in Sources */,
				CF80BC5D24AD18D500BACABD /* GroupMemberCell.swift in Sources */,
				CF07863824ABBEAD00FC7D1A /* EyeTabBarItem.swift in Sources */,
				CFF37D3924AA884100D89C80 /* AppDelegate.swift in Sources */,
				CF465A5F24ADECF1009E82CB /* NewMemberView.swift in Sources */,
			);
			runOnlyForDeploymentPostprocessing = 0;
		};
/* End PBXSourcesBuildPhase section */

/* Begin PBXVariantGroup section */
		CFF37D4324AA884100D89C80 /* LaunchScreen.storyboard */ = {
			isa = PBXVariantGroup;
			children = (
				CFF37D4424AA884100D89C80 /* Base */,
			);
			name = LaunchScreen.storyboard;
			sourceTree = "<group>";
		};
/* End PBXVariantGroup section */

/* Begin XCBuildConfiguration section */
		CFF37D4724AA884100D89C80 /* Debug */ = {
			isa = XCBuildConfiguration;
			buildSettings = {
				ALWAYS_SEARCH_USER_PATHS = NO;
				CLANG_ANALYZER_NONNULL = YES;
				CLANG_ANALYZER_NUMBER_OBJECT_CONVERSION = YES_AGGRESSIVE;
				CLANG_CXX_LANGUAGE_STANDARD = "gnu++14";
				CLANG_CXX_LIBRARY = "libc++";
				CLANG_ENABLE_MODULES = YES;
				CLANG_ENABLE_OBJC_ARC = YES;
				CLANG_ENABLE_OBJC_WEAK = YES;
				CLANG_WARN_BLOCK_CAPTURE_AUTORELEASING = YES;
				CLANG_WARN_BOOL_CONVERSION = YES;
				CLANG_WARN_COMMA = YES;
				CLANG_WARN_CONSTANT_CONVERSION = YES;
				CLANG_WARN_DEPRECATED_OBJC_IMPLEMENTATIONS = YES;
				CLANG_WARN_DIRECT_OBJC_ISA_USAGE = YES_ERROR;
				CLANG_WARN_DOCUMENTATION_COMMENTS = YES;
				CLANG_WARN_EMPTY_BODY = YES;
				CLANG_WARN_ENUM_CONVERSION = YES;
				CLANG_WARN_INFINITE_RECURSION = YES;
				CLANG_WARN_INT_CONVERSION = YES;
				CLANG_WARN_NON_LITERAL_NULL_CONVERSION = YES;
				CLANG_WARN_OBJC_IMPLICIT_RETAIN_SELF = YES;
				CLANG_WARN_OBJC_LITERAL_CONVERSION = YES;
				CLANG_WARN_OBJC_ROOT_CLASS = YES_ERROR;
				CLANG_WARN_RANGE_LOOP_ANALYSIS = YES;
				CLANG_WARN_STRICT_PROTOTYPES = YES;
				CLANG_WARN_SUSPICIOUS_MOVE = YES;
				CLANG_WARN_UNGUARDED_AVAILABILITY = YES_AGGRESSIVE;
				CLANG_WARN_UNREACHABLE_CODE = YES;
				CLANG_WARN__DUPLICATE_METHOD_MATCH = YES;
				COPY_PHASE_STRIP = NO;
				DEBUG_INFORMATION_FORMAT = dwarf;
				ENABLE_STRICT_OBJC_MSGSEND = YES;
				ENABLE_TESTABILITY = YES;
				GCC_C_LANGUAGE_STANDARD = gnu11;
				GCC_DYNAMIC_NO_PIC = NO;
				GCC_NO_COMMON_BLOCKS = YES;
				GCC_OPTIMIZATION_LEVEL = 0;
				GCC_PREPROCESSOR_DEFINITIONS = (
					"DEBUG=1",
					"$(inherited)",
				);
				GCC_WARN_64_TO_32_BIT_CONVERSION = YES;
				GCC_WARN_ABOUT_RETURN_TYPE = YES_ERROR;
				GCC_WARN_UNDECLARED_SELECTOR = YES;
				GCC_WARN_UNINITIALIZED_AUTOS = YES_AGGRESSIVE;
				GCC_WARN_UNUSED_FUNCTION = YES;
				GCC_WARN_UNUSED_VARIABLE = YES;
				IPHONEOS_DEPLOYMENT_TARGET = 13.5;
				MTL_ENABLE_DEBUG_INFO = INCLUDE_SOURCE;
				MTL_FAST_MATH = YES;
				ONLY_ACTIVE_ARCH = YES;
				SDKROOT = iphoneos;
				SWIFT_ACTIVE_COMPILATION_CONDITIONS = DEBUG;
				SWIFT_OPTIMIZATION_LEVEL = "-Onone";
			};
			name = Debug;
		};
		CFF37D4824AA884100D89C80 /* Release */ = {
			isa = XCBuildConfiguration;
			buildSettings = {
				ALWAYS_SEARCH_USER_PATHS = NO;
				CLANG_ANALYZER_NONNULL = YES;
				CLANG_ANALYZER_NUMBER_OBJECT_CONVERSION = YES_AGGRESSIVE;
				CLANG_CXX_LANGUAGE_STANDARD = "gnu++14";
				CLANG_CXX_LIBRARY = "libc++";
				CLANG_ENABLE_MODULES = YES;
				CLANG_ENABLE_OBJC_ARC = YES;
				CLANG_ENABLE_OBJC_WEAK = YES;
				CLANG_WARN_BLOCK_CAPTURE_AUTORELEASING = YES;
				CLANG_WARN_BOOL_CONVERSION = YES;
				CLANG_WARN_COMMA = YES;
				CLANG_WARN_CONSTANT_CONVERSION = YES;
				CLANG_WARN_DEPRECATED_OBJC_IMPLEMENTATIONS = YES;
				CLANG_WARN_DIRECT_OBJC_ISA_USAGE = YES_ERROR;
				CLANG_WARN_DOCUMENTATION_COMMENTS = YES;
				CLANG_WARN_EMPTY_BODY = YES;
				CLANG_WARN_ENUM_CONVERSION = YES;
				CLANG_WARN_INFINITE_RECURSION = YES;
				CLANG_WARN_INT_CONVERSION = YES;
				CLANG_WARN_NON_LITERAL_NULL_CONVERSION = YES;
				CLANG_WARN_OBJC_IMPLICIT_RETAIN_SELF = YES;
				CLANG_WARN_OBJC_LITERAL_CONVERSION = YES;
				CLANG_WARN_OBJC_ROOT_CLASS = YES_ERROR;
				CLANG_WARN_RANGE_LOOP_ANALYSIS = YES;
				CLANG_WARN_STRICT_PROTOTYPES = YES;
				CLANG_WARN_SUSPICIOUS_MOVE = YES;
				CLANG_WARN_UNGUARDED_AVAILABILITY = YES_AGGRESSIVE;
				CLANG_WARN_UNREACHABLE_CODE = YES;
				CLANG_WARN__DUPLICATE_METHOD_MATCH = YES;
				COPY_PHASE_STRIP = NO;
				DEBUG_INFORMATION_FORMAT = "dwarf-with-dsym";
				ENABLE_NS_ASSERTIONS = NO;
				ENABLE_STRICT_OBJC_MSGSEND = YES;
				GCC_C_LANGUAGE_STANDARD = gnu11;
				GCC_NO_COMMON_BLOCKS = YES;
				GCC_WARN_64_TO_32_BIT_CONVERSION = YES;
				GCC_WARN_ABOUT_RETURN_TYPE = YES_ERROR;
				GCC_WARN_UNDECLARED_SELECTOR = YES;
				GCC_WARN_UNINITIALIZED_AUTOS = YES_AGGRESSIVE;
				GCC_WARN_UNUSED_FUNCTION = YES;
				GCC_WARN_UNUSED_VARIABLE = YES;
				IPHONEOS_DEPLOYMENT_TARGET = 13.5;
				MTL_ENABLE_DEBUG_INFO = NO;
				MTL_FAST_MATH = YES;
				SDKROOT = iphoneos;
				SWIFT_COMPILATION_MODE = wholemodule;
				SWIFT_OPTIMIZATION_LEVEL = "-O";
				VALIDATE_PRODUCT = YES;
			};
			name = Release;
		};
		CFF37D4A24AA884100D89C80 /* Debug */ = {
			isa = XCBuildConfiguration;
			buildSettings = {
				ASSETCATALOG_COMPILER_APPICON_NAME = AppIcon;
				CODE_SIGN_STYLE = Automatic;
				DEVELOPMENT_TEAM = G62NMGFRS3;
				INFOPLIST_FILE = "Big eye/Resources/Info.plist";
				IPHONEOS_DEPLOYMENT_TARGET = 11.0;
				LD_RUNPATH_SEARCH_PATHS = (
					"$(inherited)",
					"@executable_path/Frameworks",
				);
				PRODUCT_BUNDLE_IDENTIFIER = "OGI.Big-eye";
				PRODUCT_NAME = "$(TARGET_NAME)";
				SWIFT_VERSION = 5.0;
				TARGETED_DEVICE_FAMILY = 1;
			};
			name = Debug;
		};
		CFF37D4B24AA884100D89C80 /* Release */ = {
			isa = XCBuildConfiguration;
			buildSettings = {
				ASSETCATALOG_COMPILER_APPICON_NAME = AppIcon;
				CODE_SIGN_STYLE = Automatic;
				DEVELOPMENT_TEAM = G62NMGFRS3;
				INFOPLIST_FILE = "Big eye/Resources/Info.plist";
				IPHONEOS_DEPLOYMENT_TARGET = 11.0;
				LD_RUNPATH_SEARCH_PATHS = (
					"$(inherited)",
					"@executable_path/Frameworks",
				);
				PRODUCT_BUNDLE_IDENTIFIER = "OGI.Big-eye";
				PRODUCT_NAME = "$(TARGET_NAME)";
				SWIFT_VERSION = 5.0;
				TARGETED_DEVICE_FAMILY = 1;
			};
			name = Release;
		};
/* End XCBuildConfiguration section */

/* Begin XCConfigurationList section */
		CFF37D3024AA884100D89C80 /* Build configuration list for PBXProject "Big eye" */ = {
			isa = XCConfigurationList;
			buildConfigurations = (
				CFF37D4724AA884100D89C80 /* Debug */,
				CFF37D4824AA884100D89C80 /* Release */,
			);
			defaultConfigurationIsVisible = 0;
			defaultConfigurationName = Release;
		};
		CFF37D4924AA884100D89C80 /* Build configuration list for PBXNativeTarget "Big eye" */ = {
			isa = XCConfigurationList;
			buildConfigurations = (
				CFF37D4A24AA884100D89C80 /* Debug */,
				CFF37D4B24AA884100D89C80 /* Release */,
			);
			defaultConfigurationIsVisible = 0;
			defaultConfigurationName = Release;
		};
/* End XCConfigurationList section */
	};
	rootObject = CFF37D2D24AA884000D89C80 /* Project object */;
}
