// !$*UTF8*$!
{
	archiveVersion = 1;
	classes = {
	};
	objectVersion = 51;
	objects = {

/* Begin PBXBuildFile section */
		CF011E3724B0A43D0012D6F7 /* TimetableViewController.swift in Sources */ = {isa = PBXBuildFile; fileRef = CF011E3624B0A43D0012D6F7 /* TimetableViewController.swift */; };
		CF011E3924B0A54D0012D6F7 /* TimetableVCModel.swift in Sources */ = {isa = PBXBuildFile; fileRef = CF011E3824B0A54D0012D6F7 /* TimetableVCModel.swift */; };
		CF011E3C24B0AC380012D6F7 /* TimetableView.swift in Sources */ = {isa = PBXBuildFile; fileRef = CF011E3B24B0AC380012D6F7 /* TimetableView.swift */; };
		CF011E3E24B0B4150012D6F7 /* TimetableCell.swift in Sources */ = {isa = PBXBuildFile; fileRef = CF011E3D24B0B4150012D6F7 /* TimetableCell.swift */; };
		CF011E4124B0C14D0012D6F7 /* TimetableCellView.swift in Sources */ = {isa = PBXBuildFile; fileRef = CF011E4024B0C14D0012D6F7 /* TimetableCellView.swift */; };
		CF011E4324B0C6780012D6F7 /* TimetableModel.swift in Sources */ = {isa = PBXBuildFile; fileRef = CF011E4224B0C6780012D6F7 /* TimetableModel.swift */; };
		CF011E4524B0CCC00012D6F7 /* SubjectView.swift in Sources */ = {isa = PBXBuildFile; fileRef = CF011E4424B0CCC00012D6F7 /* SubjectView.swift */; };
		CF07863324ABB8F400FC7D1A /* GroupViewController.swift in Sources */ = {isa = PBXBuildFile; fileRef = CF07863224ABB8F400FC7D1A /* GroupViewController.swift */; };
		CF07863524ABB96D00FC7D1A /* GroupVCModel.swift in Sources */ = {isa = PBXBuildFile; fileRef = CF07863424ABB96D00FC7D1A /* GroupVCModel.swift */; };
		CF07863824ABBEAD00FC7D1A /* EyeTabBarItem.swift in Sources */ = {isa = PBXBuildFile; fileRef = CF07863724ABBEAD00FC7D1A /* EyeTabBarItem.swift */; };
		CF07863A24ABCB1800FC7D1A /* EyeTabBar.swift in Sources */ = {isa = PBXBuildFile; fileRef = CF07863924ABCB1800FC7D1A /* EyeTabBar.swift */; };
		CF07863C24ABCD9200FC7D1A /* EyeTabBarController.swift in Sources */ = {isa = PBXBuildFile; fileRef = CF07863B24ABCD9200FC7D1A /* EyeTabBarController.swift */; };
		CF0976FA24B4E90C008A65CA /* StatisticsViewController.swift in Sources */ = {isa = PBXBuildFile; fileRef = CF0976F924B4E90C008A65CA /* StatisticsViewController.swift */; };
		CF0976FC24B4E93B008A65CA /* StatisticsVCModel.swift in Sources */ = {isa = PBXBuildFile; fileRef = CF0976FB24B4E93B008A65CA /* StatisticsVCModel.swift */; };
		CF0976FE24B4E9B6008A65CA /* StatisticsView.swift in Sources */ = {isa = PBXBuildFile; fileRef = CF0976FD24B4E9B6008A65CA /* StatisticsView.swift */; };
		CF1D177624AEFD59002C7F0F /* AddMemberCell.swift in Sources */ = {isa = PBXBuildFile; fileRef = CF1D177524AEFD59002C7F0F /* AddMemberCell.swift */; };
		CF1D177824AEFED1002C7F0F /* GradientView.swift in Sources */ = {isa = PBXBuildFile; fileRef = CF1D177724AEFED1002C7F0F /* GradientView.swift */; };
		CF26B04D24B1FC4F00B4E1C4 /* AddTimetableCell.swift in Sources */ = {isa = PBXBuildFile; fileRef = CF26B04C24B1FC4F00B4E1C4 /* AddTimetableCell.swift */; };
		CF26B05024B1FFEE00B4E1C4 /* AddTimetableCellView.swift in Sources */ = {isa = PBXBuildFile; fileRef = CF26B04F24B1FFEE00B4E1C4 /* AddTimetableCellView.swift */; };
		CF26B05324B21CBE00B4E1C4 /* AddTimetableView.swift in Sources */ = {isa = PBXBuildFile; fileRef = CF26B05224B21CBE00B4E1C4 /* AddTimetableView.swift */; };
		CF465A5B24ADE847009E82CB /* AddMemberView.swift in Sources */ = {isa = PBXBuildFile; fileRef = CF465A5A24ADE847009E82CB /* AddMemberView.swift */; };
		CF465A5D24ADEC1F009E82CB /* DoubleTextField.swift in Sources */ = {isa = PBXBuildFile; fileRef = CF465A5C24ADEC1F009E82CB /* DoubleTextField.swift */; };
		CF465A5F24ADECF1009E82CB /* NewMemberView.swift in Sources */ = {isa = PBXBuildFile; fileRef = CF465A5E24ADECF1009E82CB /* NewMemberView.swift */; };
		CF465A6124ADFF66009E82CB /* CustomButton.swift in Sources */ = {isa = PBXBuildFile; fileRef = CF465A6024ADFF66009E82CB /* CustomButton.swift */; };
		CF61EA1124B223DA004DAC89 /* NewTimetableView.swift in Sources */ = {isa = PBXBuildFile; fileRef = CF61EA1024B223DA004DAC89 /* NewTimetableView.swift */; };
		CF61EA1524B23101004DAC89 /* TimetableRowCell.swift in Sources */ = {isa = PBXBuildFile; fileRef = CF61EA1424B23101004DAC89 /* TimetableRowCell.swift */; };
		CF61EA1724B23146004DAC89 /* AddTimetableRowCell.swift in Sources */ = {isa = PBXBuildFile; fileRef = CF61EA1624B23146004DAC89 /* AddTimetableRowCell.swift */; };
		CF61EA1924B234AD004DAC89 /* AddTimetableRowCellView.swift in Sources */ = {isa = PBXBuildFile; fileRef = CF61EA1824B234AD004DAC89 /* AddTimetableRowCellView.swift */; };
		CF80BC5B24ACFF7300BACABD /* GroupVCView.swift in Sources */ = {isa = PBXBuildFile; fileRef = CF80BC5A24ACFF7300BACABD /* GroupVCView.swift */; };
		CF80BC5D24AD18D500BACABD /* GroupMemberCell.swift in Sources */ = {isa = PBXBuildFile; fileRef = CF80BC5C24AD18D500BACABD /* GroupMemberCell.swift */; };
		CFAE3E7B24AF619D0099B6AD /* Eye.xcdatamodeld in Sources */ = {isa = PBXBuildFile; fileRef = CFAE3E7924AF619D0099B6AD /* Eye.xcdatamodeld */; };
		CFAE3E7E24AF67520099B6AD /* CoreDataStack.swift in Sources */ = {isa = PBXBuildFile; fileRef = CFAE3E7D24AF67520099B6AD /* CoreDataStack.swift */; };
		CFAE3E8224AF789C0099B6AD /* Person.swift in Sources */ = {isa = PBXBuildFile; fileRef = CFAE3E8024AF789C0099B6AD /* Person.swift */; };
		CFAE3E8524AF7C690099B6AD /* GroupFileManager.swift in Sources */ = {isa = PBXBuildFile; fileRef = CFAE3E8424AF7C690099B6AD /* GroupFileManager.swift */; };
		CFAE3E8724AF80400099B6AD /* GroupService.swift in Sources */ = {isa = PBXBuildFile; fileRef = CFAE3E8624AF80400099B6AD /* GroupService.swift */; };
		CFB0609324B4A3A0007EA961 /* MarkAttendanceViewController.swift in Sources */ = {isa = PBXBuildFile; fileRef = CFB0609224B4A3A0007EA961 /* MarkAttendanceViewController.swift */; };
		CFB0609524B4A549007EA961 /* MarkAttendanceVCView.swift in Sources */ = {isa = PBXBuildFile; fileRef = CFB0609424B4A549007EA961 /* MarkAttendanceVCView.swift */; };
		CFB0609724B4BA43007EA961 /* CopyAndPasteDesabledTextField.swift in Sources */ = {isa = PBXBuildFile; fileRef = CFB0609624B4BA43007EA961 /* CopyAndPasteDesabledTextField.swift */; };
		CFB0609924B4C2B8007EA961 /* MarkAttendanceCell.swift in Sources */ = {isa = PBXBuildFile; fileRef = CFB0609824B4C2B8007EA961 /* MarkAttendanceCell.swift */; };
		CFB0609B24B4C838007EA961 /* CheckBoxButton.swift in Sources */ = {isa = PBXBuildFile; fileRef = CFB0609A24B4C838007EA961 /* CheckBoxButton.swift */; };
		CFB0609D24B4CEEA007EA961 /* MarkAttendanceVCModel.swift in Sources */ = {isa = PBXBuildFile; fileRef = CFB0609C24B4CEEA007EA961 /* MarkAttendanceVCModel.swift */; };
		CFB0609F24B4CFA2007EA961 /* MarkAttendanceService.swift in Sources */ = {isa = PBXBuildFile; fileRef = CFB0609E24B4CFA2007EA961 /* MarkAttendanceService.swift */; };
		CFB060A224B4D3C7007EA961 /* AttendanceModel.swift in Sources */ = {isa = PBXBuildFile; fileRef = CFB060A124B4D3C7007EA961 /* AttendanceModel.swift */; };
		CFBBC56224B4407900A2661D /* SheduleRow.swift in Sources */ = {isa = PBXBuildFile; fileRef = CFBBC55E24B4407800A2661D /* SheduleRow.swift */; };
		CFBBC56424B4407900A2661D /* SheduleCell.swift in Sources */ = {isa = PBXBuildFile; fileRef = CFBBC56024B4407900A2661D /* SheduleCell.swift */; };
		CFBBC56724B4414800A2661D /* TimetableFileManager.swift in Sources */ = {isa = PBXBuildFile; fileRef = CFBBC56624B4414800A2661D /* TimetableFileManager.swift */; };
		CFBBC56924B442D000A2661D /* TimetableService.swift in Sources */ = {isa = PBXBuildFile; fileRef = CFBBC56824B442D000A2661D /* TimetableService.swift */; };
		CFEC151024B3263E00B8990C /* AddTimetableRowViewController.swift in Sources */ = {isa = PBXBuildFile; fileRef = CFEC150F24B3263E00B8990C /* AddTimetableRowViewController.swift */; };
		CFEC151224B32A7700B8990C /* AddTimetableRowView.swift in Sources */ = {isa = PBXBuildFile; fileRef = CFEC151124B32A7700B8990C /* AddTimetableRowView.swift */; };
		CFF37D3924AA884100D89C80 /* AppDelegate.swift in Sources */ = {isa = PBXBuildFile; fileRef = CFF37D3824AA884100D89C80 /* AppDelegate.swift */; };
		CFF37D4224AA884100D89C80 /* Assets.xcassets in Resources */ = {isa = PBXBuildFile; fileRef = CFF37D4124AA884100D89C80 /* Assets.xcassets */; };
		CFF37D4524AA884100D89C80 /* LaunchScreen.storyboard in Resources */ = {isa = PBXBuildFile; fileRef = CFF37D4324AA884100D89C80 /* LaunchScreen.storyboard */; };
		CFF37D5024AA8A7900D89C80 /* CoreAssembly.swift in Sources */ = {isa = PBXBuildFile; fileRef = CFF37D4F24AA8A7900D89C80 /* CoreAssembly.swift */; };
		CFF37D5524AA8AB300D89C80 /* ServicesAssembly.swift in Sources */ = {isa = PBXBuildFile; fileRef = CFF37D5424AA8AB300D89C80 /* ServicesAssembly.swift */; };
		CFF37D5A24AA8AFC00D89C80 /* PresentationAssembly.swift in Sources */ = {isa = PBXBuildFile; fileRef = CFF37D5924AA8AFC00D89C80 /* PresentationAssembly.swift */; };
		CFF37D5C24AA8B2700D89C80 /* RootAssembly.swift in Sources */ = {isa = PBXBuildFile; fileRef = CFF37D5B24AA8B2700D89C80 /* RootAssembly.swift */; };
		F6C8918581349F0F31062BD2 /* Pods_Big_eye.framework in Frameworks */ = {isa = PBXBuildFile; fileRef = E149C83925B75B34CFA52F6A /* Pods_Big_eye.framework */; };
/* End PBXBuildFile section */

/* Begin PBXFileReference section */
		294CA30004A5D5E38C5BDE7F /* Pods-Big eye.debug.xcconfig */ = {isa = PBXFileReference; includeInIndex = 1; lastKnownFileType = text.xcconfig; name = "Pods-Big eye.debug.xcconfig"; path = "Target Support Files/Pods-Big eye/Pods-Big eye.debug.xcconfig"; sourceTree = "<group>"; };
		C4E9B6F64823B652C58F0EFF /* Pods-Big eye.release.xcconfig */ = {isa = PBXFileReference; includeInIndex = 1; lastKnownFileType = text.xcconfig; name = "Pods-Big eye.release.xcconfig"; path = "Target Support Files/Pods-Big eye/Pods-Big eye.release.xcconfig"; sourceTree = "<group>"; };
		CF011E3624B0A43D0012D6F7 /* TimetableViewController.swift */ = {isa = PBXFileReference; lastKnownFileType = sourcecode.swift; path = TimetableViewController.swift; sourceTree = "<group>"; };
		CF011E3824B0A54D0012D6F7 /* TimetableVCModel.swift */ = {isa = PBXFileReference; lastKnownFileType = sourcecode.swift; path = TimetableVCModel.swift; sourceTree = "<group>"; };
		CF011E3B24B0AC380012D6F7 /* TimetableView.swift */ = {isa = PBXFileReference; lastKnownFileType = sourcecode.swift; path = TimetableView.swift; sourceTree = "<group>"; };
		CF011E3D24B0B4150012D6F7 /* TimetableCell.swift */ = {isa = PBXFileReference; lastKnownFileType = sourcecode.swift; path = TimetableCell.swift; sourceTree = "<group>"; };
		CF011E4024B0C14D0012D6F7 /* TimetableCellView.swift */ = {isa = PBXFileReference; lastKnownFileType = sourcecode.swift; path = TimetableCellView.swift; sourceTree = "<group>"; };
		CF011E4224B0C6780012D6F7 /* TimetableModel.swift */ = {isa = PBXFileReference; lastKnownFileType = sourcecode.swift; path = TimetableModel.swift; sourceTree = "<group>"; };
		CF011E4424B0CCC00012D6F7 /* SubjectView.swift */ = {isa = PBXFileReference; lastKnownFileType = sourcecode.swift; path = SubjectView.swift; sourceTree = "<group>"; };
		CF07863224ABB8F400FC7D1A /* GroupViewController.swift */ = {isa = PBXFileReference; lastKnownFileType = sourcecode.swift; path = GroupViewController.swift; sourceTree = "<group>"; };
		CF07863424ABB96D00FC7D1A /* GroupVCModel.swift */ = {isa = PBXFileReference; lastKnownFileType = sourcecode.swift; path = GroupVCModel.swift; sourceTree = "<group>"; };
		CF07863724ABBEAD00FC7D1A /* EyeTabBarItem.swift */ = {isa = PBXFileReference; lastKnownFileType = sourcecode.swift; path = EyeTabBarItem.swift; sourceTree = "<group>"; };
		CF07863924ABCB1800FC7D1A /* EyeTabBar.swift */ = {isa = PBXFileReference; lastKnownFileType = sourcecode.swift; path = EyeTabBar.swift; sourceTree = "<group>"; };
		CF07863B24ABCD9200FC7D1A /* EyeTabBarController.swift */ = {isa = PBXFileReference; lastKnownFileType = sourcecode.swift; path = EyeTabBarController.swift; sourceTree = "<group>"; };
		CF0976F924B4E90C008A65CA /* StatisticsViewController.swift */ = {isa = PBXFileReference; lastKnownFileType = sourcecode.swift; path = StatisticsViewController.swift; sourceTree = "<group>"; };
		CF0976FB24B4E93B008A65CA /* StatisticsVCModel.swift */ = {isa = PBXFileReference; lastKnownFileType = sourcecode.swift; path = StatisticsVCModel.swift; sourceTree = "<group>"; };
		CF0976FD24B4E9B6008A65CA /* StatisticsView.swift */ = {isa = PBXFileReference; lastKnownFileType = sourcecode.swift; path = StatisticsView.swift; sourceTree = "<group>"; };
		CF1D177524AEFD59002C7F0F /* AddMemberCell.swift */ = {isa = PBXFileReference; lastKnownFileType = sourcecode.swift; path = AddMemberCell.swift; sourceTree = "<group>"; };
		CF1D177724AEFED1002C7F0F /* GradientView.swift */ = {isa = PBXFileReference; lastKnownFileType = sourcecode.swift; path = GradientView.swift; sourceTree = "<group>"; };
		CF26B04C24B1FC4F00B4E1C4 /* AddTimetableCell.swift */ = {isa = PBXFileReference; lastKnownFileType = sourcecode.swift; path = AddTimetableCell.swift; sourceTree = "<group>"; };
		CF26B04F24B1FFEE00B4E1C4 /* AddTimetableCellView.swift */ = {isa = PBXFileReference; lastKnownFileType = sourcecode.swift; path = AddTimetableCellView.swift; sourceTree = "<group>"; };
		CF26B05224B21CBE00B4E1C4 /* AddTimetableView.swift */ = {isa = PBXFileReference; lastKnownFileType = sourcecode.swift; path = AddTimetableView.swift; sourceTree = "<group>"; };
		CF465A5A24ADE847009E82CB /* AddMemberView.swift */ = {isa = PBXFileReference; lastKnownFileType = sourcecode.swift; path = AddMemberView.swift; sourceTree = "<group>"; };
		CF465A5C24ADEC1F009E82CB /* DoubleTextField.swift */ = {isa = PBXFileReference; lastKnownFileType = sourcecode.swift; path = DoubleTextField.swift; sourceTree = "<group>"; };
		CF465A5E24ADECF1009E82CB /* NewMemberView.swift */ = {isa = PBXFileReference; lastKnownFileType = sourcecode.swift; path = NewMemberView.swift; sourceTree = "<group>"; };
		CF465A6024ADFF66009E82CB /* CustomButton.swift */ = {isa = PBXFileReference; lastKnownFileType = sourcecode.swift; path = CustomButton.swift; sourceTree = "<group>"; };
		CF61EA1024B223DA004DAC89 /* NewTimetableView.swift */ = {isa = PBXFileReference; lastKnownFileType = sourcecode.swift; path = NewTimetableView.swift; sourceTree = "<group>"; };
		CF61EA1424B23101004DAC89 /* TimetableRowCell.swift */ = {isa = PBXFileReference; lastKnownFileType = sourcecode.swift; path = TimetableRowCell.swift; sourceTree = "<group>"; };
		CF61EA1624B23146004DAC89 /* AddTimetableRowCell.swift */ = {isa = PBXFileReference; lastKnownFileType = sourcecode.swift; path = AddTimetableRowCell.swift; sourceTree = "<group>"; };
		CF61EA1824B234AD004DAC89 /* AddTimetableRowCellView.swift */ = {isa = PBXFileReference; lastKnownFileType = sourcecode.swift; path = AddTimetableRowCellView.swift; sourceTree = "<group>"; };
		CF80BC5A24ACFF7300BACABD /* GroupVCView.swift */ = {isa = PBXFileReference; lastKnownFileType = sourcecode.swift; path = GroupVCView.swift; sourceTree = "<group>"; };
		CF80BC5C24AD18D500BACABD /* GroupMemberCell.swift */ = {isa = PBXFileReference; lastKnownFileType = sourcecode.swift; path = GroupMemberCell.swift; sourceTree = "<group>"; };
		CFAE3E7A24AF619D0099B6AD /* Model.xcdatamodel */ = {isa = PBXFileReference; lastKnownFileType = wrapper.xcdatamodel; path = Model.xcdatamodel; sourceTree = "<group>"; };
		CFAE3E7D24AF67520099B6AD /* CoreDataStack.swift */ = {isa = PBXFileReference; lastKnownFileType = sourcecode.swift; path = CoreDataStack.swift; sourceTree = "<group>"; };
		CFAE3E8024AF789C0099B6AD /* Person.swift */ = {isa = PBXFileReference; lastKnownFileType = sourcecode.swift; path = Person.swift; sourceTree = "<group>"; };
		CFAE3E8424AF7C690099B6AD /* GroupFileManager.swift */ = {isa = PBXFileReference; lastKnownFileType = sourcecode.swift; path = GroupFileManager.swift; sourceTree = "<group>"; };
		CFAE3E8624AF80400099B6AD /* GroupService.swift */ = {isa = PBXFileReference; lastKnownFileType = sourcecode.swift; path = GroupService.swift; sourceTree = "<group>"; };
		CFB0609224B4A3A0007EA961 /* MarkAttendanceViewController.swift */ = {isa = PBXFileReference; lastKnownFileType = sourcecode.swift; path = MarkAttendanceViewController.swift; sourceTree = "<group>"; };
		CFB0609424B4A549007EA961 /* MarkAttendanceVCView.swift */ = {isa = PBXFileReference; lastKnownFileType = sourcecode.swift; path = MarkAttendanceVCView.swift; sourceTree = "<group>"; };
		CFB0609624B4BA43007EA961 /* CopyAndPasteDesabledTextField.swift */ = {isa = PBXFileReference; lastKnownFileType = sourcecode.swift; path = CopyAndPasteDesabledTextField.swift; sourceTree = "<group>"; };
		CFB0609824B4C2B8007EA961 /* MarkAttendanceCell.swift */ = {isa = PBXFileReference; lastKnownFileType = sourcecode.swift; path = MarkAttendanceCell.swift; sourceTree = "<group>"; };
		CFB0609A24B4C838007EA961 /* CheckBoxButton.swift */ = {isa = PBXFileReference; lastKnownFileType = sourcecode.swift; path = CheckBoxButton.swift; sourceTree = "<group>"; };
		CFB0609C24B4CEEA007EA961 /* MarkAttendanceVCModel.swift */ = {isa = PBXFileReference; lastKnownFileType = sourcecode.swift; path = MarkAttendanceVCModel.swift; sourceTree = "<group>"; };
		CFB0609E24B4CFA2007EA961 /* MarkAttendanceService.swift */ = {isa = PBXFileReference; lastKnownFileType = sourcecode.swift; path = MarkAttendanceService.swift; sourceTree = "<group>"; };
		CFB060A124B4D3C7007EA961 /* AttendanceModel.swift */ = {isa = PBXFileReference; lastKnownFileType = sourcecode.swift; path = AttendanceModel.swift; sourceTree = "<group>"; };
		CFBBC55E24B4407800A2661D /* SheduleRow.swift */ = {isa = PBXFileReference; lastKnownFileType = sourcecode.swift; path = SheduleRow.swift; sourceTree = "<group>"; };
		CFBBC56024B4407900A2661D /* SheduleCell.swift */ = {isa = PBXFileReference; lastKnownFileType = sourcecode.swift; path = SheduleCell.swift; sourceTree = "<group>"; };
		CFBBC56624B4414800A2661D /* TimetableFileManager.swift */ = {isa = PBXFileReference; lastKnownFileType = sourcecode.swift; path = TimetableFileManager.swift; sourceTree = "<group>"; };
		CFBBC56824B442D000A2661D /* TimetableService.swift */ = {isa = PBXFileReference; lastKnownFileType = sourcecode.swift; path = TimetableService.swift; sourceTree = "<group>"; };
		CFEC150F24B3263E00B8990C /* AddTimetableRowViewController.swift */ = {isa = PBXFileReference; lastKnownFileType = sourcecode.swift; path = AddTimetableRowViewController.swift; sourceTree = "<group>"; };
		CFEC151124B32A7700B8990C /* AddTimetableRowView.swift */ = {isa = PBXFileReference; lastKnownFileType = sourcecode.swift; path = AddTimetableRowView.swift; sourceTree = "<group>"; };
		CFF37D3524AA884100D89C80 /* Big eye.app */ = {isa = PBXFileReference; explicitFileType = wrapper.application; includeInIndex = 0; path = "Big eye.app"; sourceTree = BUILT_PRODUCTS_DIR; };
		CFF37D3824AA884100D89C80 /* AppDelegate.swift */ = {isa = PBXFileReference; lastKnownFileType = sourcecode.swift; path = AppDelegate.swift; sourceTree = "<group>"; };
		CFF37D4124AA884100D89C80 /* Assets.xcassets */ = {isa = PBXFileReference; lastKnownFileType = folder.assetcatalog; path = Assets.xcassets; sourceTree = "<group>"; };
		CFF37D4424AA884100D89C80 /* Base */ = {isa = PBXFileReference; lastKnownFileType = file.storyboard; name = Base; path = Base.lproj/LaunchScreen.storyboard; sourceTree = "<group>"; };
		CFF37D4624AA884100D89C80 /* Info.plist */ = {isa = PBXFileReference; lastKnownFileType = text.plist.xml; path = Info.plist; sourceTree = "<group>"; };
		CFF37D4F24AA8A7900D89C80 /* CoreAssembly.swift */ = {isa = PBXFileReference; lastKnownFileType = sourcecode.swift; path = CoreAssembly.swift; sourceTree = "<group>"; };
		CFF37D5424AA8AB300D89C80 /* ServicesAssembly.swift */ = {isa = PBXFileReference; lastKnownFileType = sourcecode.swift; path = ServicesAssembly.swift; sourceTree = "<group>"; };
		CFF37D5924AA8AFC00D89C80 /* PresentationAssembly.swift */ = {isa = PBXFileReference; lastKnownFileType = sourcecode.swift; path = PresentationAssembly.swift; sourceTree = "<group>"; };
		CFF37D5B24AA8B2700D89C80 /* RootAssembly.swift */ = {isa = PBXFileReference; lastKnownFileType = sourcecode.swift; path = RootAssembly.swift; sourceTree = "<group>"; };
		E149C83925B75B34CFA52F6A /* Pods_Big_eye.framework */ = {isa = PBXFileReference; explicitFileType = wrapper.framework; includeInIndex = 0; path = Pods_Big_eye.framework; sourceTree = BUILT_PRODUCTS_DIR; };
/* End PBXFileReference section */

/* Begin PBXFrameworksBuildPhase section */
		CFF37D3224AA884100D89C80 /* Frameworks */ = {
			isa = PBXFrameworksBuildPhase;
			buildActionMask = 2147483647;
			files = (
				F6C8918581349F0F31062BD2 /* Pods_Big_eye.framework in Frameworks */,
			);
			runOnlyForDeploymentPostprocessing = 0;
		};
/* End PBXFrameworksBuildPhase section */

/* Begin PBXGroup section */
		4EE3B076287E8179BB79B9FB /* Pods */ = {
			isa = PBXGroup;
			children = (
				294CA30004A5D5E38C5BDE7F /* Pods-Big eye.debug.xcconfig */,
				C4E9B6F64823B652C58F0EFF /* Pods-Big eye.release.xcconfig */,
			);
			path = Pods;
			sourceTree = "<group>";
		};
		CF011E3524B0A3FE0012D6F7 /* TimetableViewController */ = {
			isa = PBXGroup;
			children = (
				CF011E3624B0A43D0012D6F7 /* TimetableViewController.swift */,
				CF011E3824B0A54D0012D6F7 /* TimetableVCModel.swift */,
				CF011E4224B0C6780012D6F7 /* TimetableModel.swift */,
				CF26B04B24B1FC3800B4E1C4 /* Cells */,
				CF011E3A24B0AC240012D6F7 /* View */,
			);
			path = TimetableViewController;
			sourceTree = "<group>";
		};
		CF011E3A24B0AC240012D6F7 /* View */ = {
			isa = PBXGroup;
			children = (
				CF011E3B24B0AC380012D6F7 /* TimetableView.swift */,
				CF26B05124B21CAA00B4E1C4 /* AddTimetableView */,
				CF011E4424B0CCC00012D6F7 /* SubjectView.swift */,
			);
			path = View;
			sourceTree = "<group>";
		};
		CF011E3F24B0C1300012D6F7 /* TimetableCell */ = {
			isa = PBXGroup;
			children = (
				CF011E3D24B0B4150012D6F7 /* TimetableCell.swift */,
				CF011E4024B0C14D0012D6F7 /* TimetableCellView.swift */,
			);
			path = TimetableCell;
			sourceTree = "<group>";
		};
		CF07863124ABB78000FC7D1A /* GroupViewController */ = {
			isa = PBXGroup;
			children = (
				CF07863224ABB8F400FC7D1A /* GroupViewController.swift */,
				CF07863424ABB96D00FC7D1A /* GroupVCModel.swift */,
				CF1D177924AF0500002C7F0F /* Cells */,
				CF80BC5924ACFF4800BACABD /* View */,
			);
			path = GroupViewController;
			sourceTree = "<group>";
		};
		CF07863624ABBE8D00FC7D1A /* EyeTabBarController */ = {
			isa = PBXGroup;
			children = (
				CF07863B24ABCD9200FC7D1A /* EyeTabBarController.swift */,
				CF07863924ABCB1800FC7D1A /* EyeTabBar.swift */,
				CF07863724ABBEAD00FC7D1A /* EyeTabBarItem.swift */,
			);
			path = EyeTabBarController;
			sourceTree = "<group>";
		};
		CF0976F824B4E8BD008A65CA /* StatisticsViewController */ = {
			isa = PBXGroup;
			children = (
				CF0976F924B4E90C008A65CA /* StatisticsViewController.swift */,
				CF0976FB24B4E93B008A65CA /* StatisticsVCModel.swift */,
				CF0976FD24B4E9B6008A65CA /* StatisticsView.swift */,
			);
			path = StatisticsViewController;
			sourceTree = "<group>";
		};
		CF1D177924AF0500002C7F0F /* Cells */ = {
			isa = PBXGroup;
			children = (
				CF80BC5C24AD18D500BACABD /* GroupMemberCell.swift */,
				CF1D177524AEFD59002C7F0F /* AddMemberCell.swift */,
			);
			path = Cells;
			sourceTree = "<group>";
		};
		CF26B04B24B1FC3800B4E1C4 /* Cells */ = {
			isa = PBXGroup;
			children = (
				CF011E3F24B0C1300012D6F7 /* TimetableCell */,
				CF26B04E24B1FFCE00B4E1C4 /* AddTimetableCell */,
				CF61EA1224B2308D004DAC89 /* TimetableRowCell */,
				CF61EA1324B2309D004DAC89 /* AddTimetableRowCell */,
			);
			path = Cells;
			sourceTree = "<group>";
		};
		CF26B04E24B1FFCE00B4E1C4 /* AddTimetableCell */ = {
			isa = PBXGroup;
			children = (
				CF26B04C24B1FC4F00B4E1C4 /* AddTimetableCell.swift */,
				CF26B04F24B1FFEE00B4E1C4 /* AddTimetableCellView.swift */,
			);
			path = AddTimetableCell;
			sourceTree = "<group>";
		};
		CF26B05124B21CAA00B4E1C4 /* AddTimetableView */ = {
			isa = PBXGroup;
			children = (
				CF26B05224B21CBE00B4E1C4 /* AddTimetableView.swift */,
				CF61EA1024B223DA004DAC89 /* NewTimetableView.swift */,
			);
			path = AddTimetableView;
			sourceTree = "<group>";
		};
		CF26B05424B21E2700B4E1C4 /* Custom Views */ = {
			isa = PBXGroup;
			children = (
				CF1D177724AEFED1002C7F0F /* GradientView.swift */,
				CF465A6024ADFF66009E82CB /* CustomButton.swift */,
				CF465A5C24ADEC1F009E82CB /* DoubleTextField.swift */,
				CFB0609624B4BA43007EA961 /* CopyAndPasteDesabledTextField.swift */,
				CFB0609A24B4C838007EA961 /* CheckBoxButton.swift */,
			);
			path = "Custom Views";
			sourceTree = "<group>";
		};
		CF465A6224AE16E1009E82CB /* AddMemberView */ = {
			isa = PBXGroup;
			children = (
				CF465A5A24ADE847009E82CB /* AddMemberView.swift */,
				CF465A5E24ADECF1009E82CB /* NewMemberView.swift */,
			);
			path = AddMemberView;
			sourceTree = "<group>";
		};
		CF61EA1224B2308D004DAC89 /* TimetableRowCell */ = {
			isa = PBXGroup;
			children = (
				CF61EA1424B23101004DAC89 /* TimetableRowCell.swift */,
			);
			path = TimetableRowCell;
			sourceTree = "<group>";
		};
		CF61EA1324B2309D004DAC89 /* AddTimetableRowCell */ = {
			isa = PBXGroup;
			children = (
				CF61EA1624B23146004DAC89 /* AddTimetableRowCell.swift */,
				CF61EA1824B234AD004DAC89 /* AddTimetableRowCellView.swift */,
			);
			path = AddTimetableRowCell;
			sourceTree = "<group>";
		};
		CF80BC5924ACFF4800BACABD /* View */ = {
			isa = PBXGroup;
			children = (
				CF80BC5A24ACFF7300BACABD /* GroupVCView.swift */,
				CF465A6224AE16E1009E82CB /* AddMemberView */,
			);
			path = View;
			sourceTree = "<group>";
		};
		CFAE3E7C24AF624F0099B6AD /* CoreData */ = {
			isa = PBXGroup;
			children = (
				CFAE3E7D24AF67520099B6AD /* CoreDataStack.swift */,
				CFAE3E8424AF7C690099B6AD /* GroupFileManager.swift */,
				CFBBC56624B4414800A2661D /* TimetableFileManager.swift */,
				CFAE3E8324AF78B10099B6AD /* Objects */,
			);
			path = CoreData;
			sourceTree = "<group>";
		};
		CFAE3E8324AF78B10099B6AD /* Objects */ = {
			isa = PBXGroup;
			children = (
				CFAE3E8024AF789C0099B6AD /* Person.swift */,
				CFBBC56024B4407900A2661D /* SheduleCell.swift */,
				CFBBC55E24B4407800A2661D /* SheduleRow.swift */,
			);
			path = Objects;
			sourceTree = "<group>";
		};
		CFB0609124B4A306007EA961 /* MarkAttendanceViewController */ = {
			isa = PBXGroup;
			children = (
				CFB0609224B4A3A0007EA961 /* MarkAttendanceViewController.swift */,
				CFB0609824B4C2B8007EA961 /* MarkAttendanceCell.swift */,
				CFB060A024B4D39E007EA961 /* Models */,
				CFB0609424B4A549007EA961 /* MarkAttendanceVCView.swift */,
			);
			path = MarkAttendanceViewController;
			sourceTree = "<group>";
		};
		CFB060A024B4D39E007EA961 /* Models */ = {
			isa = PBXGroup;
			children = (
				CFB0609C24B4CEEA007EA961 /* MarkAttendanceVCModel.swift */,
				CFB060A124B4D3C7007EA961 /* AttendanceModel.swift */,
			);
			path = Models;
			sourceTree = "<group>";
		};
		CFEC150E24B325CC00B8990C /* AddTimetbleRowViewController */ = {
			isa = PBXGroup;
			children = (
				CFEC150F24B3263E00B8990C /* AddTimetableRowViewController.swift */,
				CFEC151124B32A7700B8990C /* AddTimetableRowView.swift */,
			);
			path = AddTimetbleRowViewController;
			sourceTree = "<group>";
		};
		CFF37D2C24AA884000D89C80 = {
			isa = PBXGroup;
			children = (
				CFF37D3724AA884100D89C80 /* Big eye */,
				CFF37D3624AA884100D89C80 /* Products */,
				4EE3B076287E8179BB79B9FB /* Pods */,
				EBEB28D151BE474D4B165742 /* Frameworks */,
			);
			sourceTree = "<group>";
		};
		CFF37D3624AA884100D89C80 /* Products */ = {
			isa = PBXGroup;
			children = (
				CFF37D3524AA884100D89C80 /* Big eye.app */,
			);
			name = Products;
			sourceTree = "<group>";
		};
		CFF37D3724AA884100D89C80 /* Big eye */ = {
			isa = PBXGroup;
			children = (
				CFF37D5624AA8AC600D89C80 /* PresentationLayer */,
				CFF37D5124AA8A8800D89C80 /* ServiceLayer */,
				CFF37D4D24AA8A5000D89C80 /* CoreLayer */,
				CFF37D3824AA884100D89C80 /* AppDelegate.swift */,
				CFF37D5B24AA8B2700D89C80 /* RootAssembly.swift */,
				CFF37D4C24AA88A600D89C80 /* Resources */,
			);
			path = "Big eye";
			sourceTree = "<group>";
		};
		CFF37D4C24AA88A600D89C80 /* Resources */ = {
			isa = PBXGroup;
			children = (
				CFF37D4124AA884100D89C80 /* Assets.xcassets */,
				CFF37D4324AA884100D89C80 /* LaunchScreen.storyboard */,
				CFF37D4624AA884100D89C80 /* Info.plist */,
				CFAE3E7924AF619D0099B6AD /* Eye.xcdatamodeld */,
			);
			path = Resources;
			sourceTree = "<group>";
		};
		CFF37D4D24AA8A5000D89C80 /* CoreLayer */ = {
			isa = PBXGroup;
			children = (
				CFF37D4E24AA8A5900D89C80 /* Assembly */,
				CFAE3E7C24AF624F0099B6AD /* CoreData */,
			);
			path = CoreLayer;
			sourceTree = "<group>";
		};
		CFF37D4E24AA8A5900D89C80 /* Assembly */ = {
			isa = PBXGroup;
			children = (
				CFF37D4F24AA8A7900D89C80 /* CoreAssembly.swift */,
			);
			path = Assembly;
			sourceTree = "<group>";
		};
		CFF37D5124AA8A8800D89C80 /* ServiceLayer */ = {
			isa = PBXGroup;
			children = (
				CFF37D5324AA8A9C00D89C80 /* Assembly */,
				CFF37D5224AA8A9300D89C80 /* Services */,
			);
			path = ServiceLayer;
			sourceTree = "<group>";
		};
		CFF37D5224AA8A9300D89C80 /* Services */ = {
			isa = PBXGroup;
			children = (
				CFAE3E8624AF80400099B6AD /* GroupService.swift */,
				CFBBC56824B442D000A2661D /* TimetableService.swift */,
				CFB0609E24B4CFA2007EA961 /* MarkAttendanceService.swift */,
			);
			path = Services;
			sourceTree = "<group>";
		};
		CFF37D5324AA8A9C00D89C80 /* Assembly */ = {
			isa = PBXGroup;
			children = (
				CFF37D5424AA8AB300D89C80 /* ServicesAssembly.swift */,
			);
			path = Assembly;
			sourceTree = "<group>";
		};
		CFF37D5624AA8AC600D89C80 /* PresentationLayer */ = {
			isa = PBXGroup;
			children = (
				CFF37D5824AA8AE600D89C80 /* Assembly */,
				CFF37D5724AA8AD400D89C80 /* Modules */,
			);
			path = PresentationLayer;
			sourceTree = "<group>";
		};
		CFF37D5724AA8AD400D89C80 /* Modules */ = {
			isa = PBXGroup;
			children = (
				CF07863624ABBE8D00FC7D1A /* EyeTabBarController */,
				CF07863124ABB78000FC7D1A /* GroupViewController */,
				CF011E3524B0A3FE0012D6F7 /* TimetableViewController */,
				CFEC150E24B325CC00B8990C /* AddTimetbleRowViewController */,
				CFB0609124B4A306007EA961 /* MarkAttendanceViewController */,
				CF0976F824B4E8BD008A65CA /* StatisticsViewController */,
				CF26B05424B21E2700B4E1C4 /* Custom Views */,
			);
			path = Modules;
			sourceTree = "<group>";
		};
		CFF37D5824AA8AE600D89C80 /* Assembly */ = {
			isa = PBXGroup;
			children = (
				CFF37D5924AA8AFC00D89C80 /* PresentationAssembly.swift */,
			);
			path = Assembly;
			sourceTree = "<group>";
		};
		EBEB28D151BE474D4B165742 /* Frameworks */ = {
			isa = PBXGroup;
			children = (
				E149C83925B75B34CFA52F6A /* Pods_Big_eye.framework */,
			);
			name = Frameworks;
			sourceTree = "<group>";
		};
/* End PBXGroup section */

/* Begin PBXNativeTarget section */
		CFF37D3424AA884100D89C80 /* Big eye */ = {
			isa = PBXNativeTarget;
			buildConfigurationList = CFF37D4924AA884100D89C80 /* Build configuration list for PBXNativeTarget "Big eye" */;
			buildPhases = (
				A1D3567B3153E9B6356B6989 /* [CP] Check Pods Manifest.lock */,
				CFF37D3124AA884100D89C80 /* Sources */,
				CFF37D3224AA884100D89C80 /* Frameworks */,
				CFF37D3324AA884100D89C80 /* Resources */,
				F4752EC57D853F1DFCBF1670 /* [CP] Embed Pods Frameworks */,
			);
			buildRules = (
			);
			dependencies = (
			);
			name = "Big eye";
			productName = "Big eye";
			productReference = CFF37D3524AA884100D89C80 /* Big eye.app */;
			productType = "com.apple.product-type.application";
		};
/* End PBXNativeTarget section */

/* Begin PBXProject section */
		CFF37D2D24AA884000D89C80 /* Project object */ = {
			isa = PBXProject;
			attributes = {
				LastSwiftUpdateCheck = 1150;
				LastUpgradeCheck = 1150;
				ORGANIZATIONNAME = Oleginc;
				TargetAttributes = {
					CFF37D3424AA884100D89C80 = {
						CreatedOnToolsVersion = 11.5;
					};
				};
			};
			buildConfigurationList = CFF37D3024AA884100D89C80 /* Build configuration list for PBXProject "Big eye" */;
			compatibilityVersion = "Xcode 9.3";
			developmentRegion = en;
			hasScannedForEncodings = 0;
			knownRegions = (
				en,
				Base,
			);
			mainGroup = CFF37D2C24AA884000D89C80;
			productRefGroup = CFF37D3624AA884100D89C80 /* Products */;
			projectDirPath = "";
			projectRoot = "";
			targets = (
				CFF37D3424AA884100D89C80 /* Big eye */,
			);
		};
/* End PBXProject section */

/* Begin PBXResourcesBuildPhase section */
		CFF37D3324AA884100D89C80 /* Resources */ = {
			isa = PBXResourcesBuildPhase;
			buildActionMask = 2147483647;
			files = (
				CFF37D4524AA884100D89C80 /* LaunchScreen.storyboard in Resources */,
				CFF37D4224AA884100D89C80 /* Assets.xcassets in Resources */,
			);
			runOnlyForDeploymentPostprocessing = 0;
		};
/* End PBXResourcesBuildPhase section */

/* Begin PBXShellScriptBuildPhase section */
		A1D3567B3153E9B6356B6989 /* [CP] Check Pods Manifest.lock */ = {
			isa = PBXShellScriptBuildPhase;
			buildActionMask = 2147483647;
			files = (
			);
			inputFileListPaths = (
			);
			inputPaths = (
				"${PODS_PODFILE_DIR_PATH}/Podfile.lock",
				"${PODS_ROOT}/Manifest.lock",
			);
			name = "[CP] Check Pods Manifest.lock";
			outputFileListPaths = (
			);
			outputPaths = (
				"$(DERIVED_FILE_DIR)/Pods-Big eye-checkManifestLockResult.txt",
			);
			runOnlyForDeploymentPostprocessing = 0;
			shellPath = /bin/sh;
			shellScript = "diff \"${PODS_PODFILE_DIR_PATH}/Podfile.lock\" \"${PODS_ROOT}/Manifest.lock\" > /dev/null\nif [ $? != 0 ] ; then\n    # print error to STDERR\n    echo \"error: The sandbox is not in sync with the Podfile.lock. Run 'pod install' or update your CocoaPods installation.\" >&2\n    exit 1\nfi\n# This output is used by Xcode 'outputs' to avoid re-running this script phase.\necho \"SUCCESS\" > \"${SCRIPT_OUTPUT_FILE_0}\"\n";
			showEnvVarsInLog = 0;
		};
		F4752EC57D853F1DFCBF1670 /* [CP] Embed Pods Frameworks */ = {
			isa = PBXShellScriptBuildPhase;
			buildActionMask = 2147483647;
			files = (
			);
			inputFileListPaths = (
				"${PODS_ROOT}/Target Support Files/Pods-Big eye/Pods-Big eye-frameworks-${CONFIGURATION}-input-files.xcfilelist",
			);
			name = "[CP] Embed Pods Frameworks";
			outputFileListPaths = (
				"${PODS_ROOT}/Target Support Files/Pods-Big eye/Pods-Big eye-frameworks-${CONFIGURATION}-output-files.xcfilelist",
			);
			runOnlyForDeploymentPostprocessing = 0;
			shellPath = /bin/sh;
			shellScript = "\"${PODS_ROOT}/Target Support Files/Pods-Big eye/Pods-Big eye-frameworks.sh\"\n";
			showEnvVarsInLog = 0;
		};
/* End PBXShellScriptBuildPhase section */

/* Begin PBXSourcesBuildPhase section */
		CFF37D3124AA884100D89C80 /* Sources */ = {
			isa = PBXSourcesBuildPhase;
			buildActionMask = 2147483647;
			files = (
				CF80BC5B24ACFF7300BACABD /* GroupVCView.swift in Sources */,
				CF07863524ABB96D00FC7D1A /* GroupVCModel.swift in Sources */,
				CF07863C24ABCD9200FC7D1A /* EyeTabBarController.swift in Sources */,
				CFAE3E8524AF7C690099B6AD /* GroupFileManager.swift in Sources */,
				CFB0609724B4BA43007EA961 /* CopyAndPasteDesabledTextField.swift in Sources */,
				CFB0609924B4C2B8007EA961 /* MarkAttendanceCell.swift in Sources */,
				CF07863324ABB8F400FC7D1A /* GroupViewController.swift in Sources */,
				CF011E4324B0C6780012D6F7 /* TimetableModel.swift in Sources */,
				CF465A6124ADFF66009E82CB /* CustomButton.swift in Sources */,
				CFBBC56924B442D000A2661D /* TimetableService.swift in Sources */,
				CF465A5B24ADE847009E82CB /* AddMemberView.swift in Sources */,
				CFB060A224B4D3C7007EA961 /* AttendanceModel.swift in Sources */,
				CFEC151224B32A7700B8990C /* AddTimetableRowView.swift in Sources */,
				CFF37D5024AA8A7900D89C80 /* CoreAssembly.swift in Sources */,
				CFF37D5C24AA8B2700D89C80 /* RootAssembly.swift in Sources */,
				CFBBC56424B4407900A2661D /* SheduleCell.swift in Sources */,
				CF26B05324B21CBE00B4E1C4 /* AddTimetableView.swift in Sources */,
				CF1D177824AEFED1002C7F0F /* GradientView.swift in Sources */,
				CF61EA1724B23146004DAC89 /* AddTimetableRowCell.swift in Sources */,
				CF011E3E24B0B4150012D6F7 /* TimetableCell.swift in Sources */,
				CFB0609D24B4CEEA007EA961 /* MarkAttendanceVCModel.swift in Sources */,
				CFBBC56224B4407900A2661D /* SheduleRow.swift in Sources */,
				CFAE3E8224AF789C0099B6AD /* Person.swift in Sources */,
				CF011E4124B0C14D0012D6F7 /* TimetableCellView.swift in Sources */,
				CF011E3924B0A54D0012D6F7 /* TimetableVCModel.swift in Sources */,
				CFAE3E8724AF80400099B6AD /* GroupService.swift in Sources */,
				CF26B05024B1FFEE00B4E1C4 /* AddTimetableCellView.swift in Sources */,
				CFEC151024B3263E00B8990C /* AddTimetableRowViewController.swift in Sources */,
				CF61EA1524B23101004DAC89 /* TimetableRowCell.swift in Sources */,
				CFF37D5524AA8AB300D89C80 /* ServicesAssembly.swift in Sources */,
				CFB0609324B4A3A0007EA961 /* MarkAttendanceViewController.swift in Sources */,
				CF0976FE24B4E9B6008A65CA /* StatisticsView.swift in Sources */,
				CF0976FC24B4E93B008A65CA /* StatisticsVCModel.swift in Sources */,
				CF1D177624AEFD59002C7F0F /* AddMemberCell.swift in Sources */,
				CFB0609F24B4CFA2007EA961 /* MarkAttendanceService.swift in Sources */,
				CFF37D5A24AA8AFC00D89C80 /* PresentationAssembly.swift in Sources */,
				CF011E3C24B0AC380012D6F7 /* TimetableView.swift in Sources */,
				CF07863A24ABCB1800FC7D1A /* EyeTabBar.swift in Sources */,
				CF26B04D24B1FC4F00B4E1C4 /* AddTimetableCell.swift in Sources */,
				CFB0609B24B4C838007EA961 /* CheckBoxButton.swift in Sources */,
				CF011E4524B0CCC00012D6F7 /* SubjectView.swift in Sources */,
				CFBBC56724B4414800A2661D /* TimetableFileManager.swift in Sources */,
				CF465A5D24ADEC1F009E82CB /* DoubleTextField.swift in Sources */,
				CF80BC5D24AD18D500BACABD /* GroupMemberCell.swift in Sources */,
				CFAE3E7E24AF67520099B6AD /* CoreDataStack.swift in Sources */,
				CF61EA1924B234AD004DAC89 /* AddTimetableRowCellView.swift in Sources */,
				CF07863824ABBEAD00FC7D1A /* EyeTabBarItem.swift in Sources */,
				CFF37D3924AA884100D89C80 /* AppDelegate.swift in Sources */,
				CFAE3E7B24AF619D0099B6AD /* Eye.xcdatamodeld in Sources */,
				CFB0609524B4A549007EA961 /* MarkAttendanceVCView.swift in Sources */,
				CF61EA1124B223DA004DAC89 /* NewTimetableView.swift in Sources */,
				CF011E3724B0A43D0012D6F7 /* TimetableViewController.swift in Sources */,
				CF465A5F24ADECF1009E82CB /* NewMemberView.swift in Sources */,
				CF0976FA24B4E90C008A65CA /* StatisticsViewController.swift in Sources */,
			);
			runOnlyForDeploymentPostprocessing = 0;
		};
/* End PBXSourcesBuildPhase section */

/* Begin PBXVariantGroup section */
		CFF37D4324AA884100D89C80 /* LaunchScreen.storyboard */ = {
			isa = PBXVariantGroup;
			children = (
				CFF37D4424AA884100D89C80 /* Base */,
			);
			name = LaunchScreen.storyboard;
			sourceTree = "<group>";
		};
/* End PBXVariantGroup section */

/* Begin XCBuildConfiguration section */
		CFF37D4724AA884100D89C80 /* Debug */ = {
			isa = XCBuildConfiguration;
			buildSettings = {
				ALWAYS_SEARCH_USER_PATHS = NO;
				CLANG_ANALYZER_NONNULL = YES;
				CLANG_ANALYZER_NUMBER_OBJECT_CONVERSION = YES_AGGRESSIVE;
				CLANG_CXX_LANGUAGE_STANDARD = "gnu++14";
				CLANG_CXX_LIBRARY = "libc++";
				CLANG_ENABLE_MODULES = YES;
				CLANG_ENABLE_OBJC_ARC = YES;
				CLANG_ENABLE_OBJC_WEAK = YES;
				CLANG_WARN_BLOCK_CAPTURE_AUTORELEASING = YES;
				CLANG_WARN_BOOL_CONVERSION = YES;
				CLANG_WARN_COMMA = YES;
				CLANG_WARN_CONSTANT_CONVERSION = YES;
				CLANG_WARN_DEPRECATED_OBJC_IMPLEMENTATIONS = YES;
				CLANG_WARN_DIRECT_OBJC_ISA_USAGE = YES_ERROR;
				CLANG_WARN_DOCUMENTATION_COMMENTS = YES;
				CLANG_WARN_EMPTY_BODY = YES;
				CLANG_WARN_ENUM_CONVERSION = YES;
				CLANG_WARN_INFINITE_RECURSION = YES;
				CLANG_WARN_INT_CONVERSION = YES;
				CLANG_WARN_NON_LITERAL_NULL_CONVERSION = YES;
				CLANG_WARN_OBJC_IMPLICIT_RETAIN_SELF = YES;
				CLANG_WARN_OBJC_LITERAL_CONVERSION = YES;
				CLANG_WARN_OBJC_ROOT_CLASS = YES_ERROR;
				CLANG_WARN_RANGE_LOOP_ANALYSIS = YES;
				CLANG_WARN_STRICT_PROTOTYPES = YES;
				CLANG_WARN_SUSPICIOUS_MOVE = YES;
				CLANG_WARN_UNGUARDED_AVAILABILITY = YES_AGGRESSIVE;
				CLANG_WARN_UNREACHABLE_CODE = YES;
				CLANG_WARN__DUPLICATE_METHOD_MATCH = YES;
				COPY_PHASE_STRIP = NO;
				DEBUG_INFORMATION_FORMAT = dwarf;
				ENABLE_STRICT_OBJC_MSGSEND = YES;
				ENABLE_TESTABILITY = YES;
				GCC_C_LANGUAGE_STANDARD = gnu11;
				GCC_DYNAMIC_NO_PIC = NO;
				GCC_NO_COMMON_BLOCKS = YES;
				GCC_OPTIMIZATION_LEVEL = 0;
				GCC_PREPROCESSOR_DEFINITIONS = (
					"DEBUG=1",
					"$(inherited)",
				);
				GCC_WARN_64_TO_32_BIT_CONVERSION = YES;
				GCC_WARN_ABOUT_RETURN_TYPE = YES_ERROR;
				GCC_WARN_UNDECLARED_SELECTOR = YES;
				GCC_WARN_UNINITIALIZED_AUTOS = YES_AGGRESSIVE;
				GCC_WARN_UNUSED_FUNCTION = YES;
				GCC_WARN_UNUSED_VARIABLE = YES;
				IPHONEOS_DEPLOYMENT_TARGET = 13.5;
				MTL_ENABLE_DEBUG_INFO = INCLUDE_SOURCE;
				MTL_FAST_MATH = YES;
				ONLY_ACTIVE_ARCH = YES;
				SDKROOT = iphoneos;
				SWIFT_ACTIVE_COMPILATION_CONDITIONS = DEBUG;
				SWIFT_OPTIMIZATION_LEVEL = "-Onone";
			};
			name = Debug;
		};
		CFF37D4824AA884100D89C80 /* Release */ = {
			isa = XCBuildConfiguration;
			buildSettings = {
				ALWAYS_SEARCH_USER_PATHS = NO;
				CLANG_ANALYZER_NONNULL = YES;
				CLANG_ANALYZER_NUMBER_OBJECT_CONVERSION = YES_AGGRESSIVE;
				CLANG_CXX_LANGUAGE_STANDARD = "gnu++14";
				CLANG_CXX_LIBRARY = "libc++";
				CLANG_ENABLE_MODULES = YES;
				CLANG_ENABLE_OBJC_ARC = YES;
				CLANG_ENABLE_OBJC_WEAK = YES;
				CLANG_WARN_BLOCK_CAPTURE_AUTORELEASING = YES;
				CLANG_WARN_BOOL_CONVERSION = YES;
				CLANG_WARN_COMMA = YES;
				CLANG_WARN_CONSTANT_CONVERSION = YES;
				CLANG_WARN_DEPRECATED_OBJC_IMPLEMENTATIONS = YES;
				CLANG_WARN_DIRECT_OBJC_ISA_USAGE = YES_ERROR;
				CLANG_WARN_DOCUMENTATION_COMMENTS = YES;
				CLANG_WARN_EMPTY_BODY = YES;
				CLANG_WARN_ENUM_CONVERSION = YES;
				CLANG_WARN_INFINITE_RECURSION = YES;
				CLANG_WARN_INT_CONVERSION = YES;
				CLANG_WARN_NON_LITERAL_NULL_CONVERSION = YES;
				CLANG_WARN_OBJC_IMPLICIT_RETAIN_SELF = YES;
				CLANG_WARN_OBJC_LITERAL_CONVERSION = YES;
				CLANG_WARN_OBJC_ROOT_CLASS = YES_ERROR;
				CLANG_WARN_RANGE_LOOP_ANALYSIS = YES;
				CLANG_WARN_STRICT_PROTOTYPES = YES;
				CLANG_WARN_SUSPICIOUS_MOVE = YES;
				CLANG_WARN_UNGUARDED_AVAILABILITY = YES_AGGRESSIVE;
				CLANG_WARN_UNREACHABLE_CODE = YES;
				CLANG_WARN__DUPLICATE_METHOD_MATCH = YES;
				COPY_PHASE_STRIP = NO;
				DEBUG_INFORMATION_FORMAT = "dwarf-with-dsym";
				ENABLE_NS_ASSERTIONS = NO;
				ENABLE_STRICT_OBJC_MSGSEND = YES;
				GCC_C_LANGUAGE_STANDARD = gnu11;
				GCC_NO_COMMON_BLOCKS = YES;
				GCC_WARN_64_TO_32_BIT_CONVERSION = YES;
				GCC_WARN_ABOUT_RETURN_TYPE = YES_ERROR;
				GCC_WARN_UNDECLARED_SELECTOR = YES;
				GCC_WARN_UNINITIALIZED_AUTOS = YES_AGGRESSIVE;
				GCC_WARN_UNUSED_FUNCTION = YES;
				GCC_WARN_UNUSED_VARIABLE = YES;
				IPHONEOS_DEPLOYMENT_TARGET = 13.5;
				MTL_ENABLE_DEBUG_INFO = NO;
				MTL_FAST_MATH = YES;
				SDKROOT = iphoneos;
				SWIFT_COMPILATION_MODE = wholemodule;
				SWIFT_OPTIMIZATION_LEVEL = "-O";
				VALIDATE_PRODUCT = YES;
			};
			name = Release;
		};
		CFF37D4A24AA884100D89C80 /* Debug */ = {
			isa = XCBuildConfiguration;
			baseConfigurationReference = 294CA30004A5D5E38C5BDE7F /* Pods-Big eye.debug.xcconfig */;
			buildSettings = {
				ASSETCATALOG_COMPILER_APPICON_NAME = AppIcon;
				CODE_SIGN_STYLE = Automatic;
				DEVELOPMENT_TEAM = G62NMGFRS3;
				INFOPLIST_FILE = "Big eye/Resources/Info.plist";
				IPHONEOS_DEPLOYMENT_TARGET = 11.0;
				LD_RUNPATH_SEARCH_PATHS = (
					"$(inherited)",
					"@executable_path/Frameworks",
				);
				PRODUCT_BUNDLE_IDENTIFIER = "OGI.Big-eye";
				PRODUCT_NAME = "$(TARGET_NAME)";
				SWIFT_VERSION = 5.0;
				TARGETED_DEVICE_FAMILY = 1;
			};
			name = Debug;
		};
		CFF37D4B24AA884100D89C80 /* Release */ = {
			isa = XCBuildConfiguration;
			baseConfigurationReference = C4E9B6F64823B652C58F0EFF /* Pods-Big eye.release.xcconfig */;
			buildSettings = {
				ASSETCATALOG_COMPILER_APPICON_NAME = AppIcon;
				CODE_SIGN_STYLE = Automatic;
				DEVELOPMENT_TEAM = G62NMGFRS3;
				INFOPLIST_FILE = "Big eye/Resources/Info.plist";
				IPHONEOS_DEPLOYMENT_TARGET = 11.0;
				LD_RUNPATH_SEARCH_PATHS = (
					"$(inherited)",
					"@executable_path/Frameworks",
				);
				PRODUCT_BUNDLE_IDENTIFIER = "OGI.Big-eye";
				PRODUCT_NAME = "$(TARGET_NAME)";
				SWIFT_VERSION = 5.0;
				TARGETED_DEVICE_FAMILY = 1;
			};
			name = Release;
		};
/* End XCBuildConfiguration section */

/* Begin XCConfigurationList section */
		CFF37D3024AA884100D89C80 /* Build configuration list for PBXProject "Big eye" */ = {
			isa = XCConfigurationList;
			buildConfigurations = (
				CFF37D4724AA884100D89C80 /* Debug */,
				CFF37D4824AA884100D89C80 /* Release */,
			);
			defaultConfigurationIsVisible = 0;
			defaultConfigurationName = Release;
		};
		CFF37D4924AA884100D89C80 /* Build configuration list for PBXNativeTarget "Big eye" */ = {
			isa = XCConfigurationList;
			buildConfigurations = (
				CFF37D4A24AA884100D89C80 /* Debug */,
				CFF37D4B24AA884100D89C80 /* Release */,
			);
			defaultConfigurationIsVisible = 0;
			defaultConfigurationName = Release;
		};
/* End XCConfigurationList section */

/* Begin XCVersionGroup section */
		CFAE3E7924AF619D0099B6AD /* Eye.xcdatamodeld */ = {
			isa = XCVersionGroup;
			children = (
				CFAE3E7A24AF619D0099B6AD /* Model.xcdatamodel */,
			);
			currentVersion = CFAE3E7A24AF619D0099B6AD /* Model.xcdatamodel */;
			path = Eye.xcdatamodeld;
			sourceTree = "<group>";
			versionGroupType = wrapper.xcdatamodel;
		};
/* End XCVersionGroup section */
	};
	rootObject = CFF37D2D24AA884000D89C80 /* Project object */;
}
